<?xml version="1.0" encoding="utf-8"?>
<Project ToolsVersion="4.0" xmlns="http://schemas.microsoft.com/developer/msbuild/2003">
  <ItemGroup>
    <Filter Include="core">
      <UniqueIdentifier>{f959d3d9-67fc-4bfb-9571-992f8881d100}</UniqueIdentifier>
    </Filter>
    <Filter Include="game">
      <UniqueIdentifier>{2d6ec6fc-bbd0-495c-a318-669d9a1914e1}</UniqueIdentifier>
    </Filter>
    <Filter Include="core\entity">
      <UniqueIdentifier>{fb1b2056-53f1-4c82-a942-35c2dc72c8db}</UniqueIdentifier>
    </Filter>
  </ItemGroup>
  <ItemGroup>
    <ClInclude Include="Entity.h">
      <Filter>core\entity</Filter>
    </ClInclude>
  </ItemGroup>
  <ItemGroup>
    <ClCompile Include="main.cpp">
      <Filter>game</Filter>
    </ClCompile>
  </ItemGroup>
</Project>