<?xml version="1.0" encoding="utf-8"?>
<Project ToolsVersion="4.0" xmlns="http://schemas.microsoft.com/developer/msbuild/2003">
  <ItemGroup>
    <Filter Include="core">
      <UniqueIdentifier>{f959d3d9-67fc-4bfb-9571-992f8881d100}</UniqueIdentifier>
    </Filter>
    <Filter Include="game">
      <UniqueIdentifier>{2d6ec6fc-bbd0-495c-a318-669d9a1914e1}</UniqueIdentifier>
    </Filter>
    <Filter Include="core\entity">
      <UniqueIdentifier>{fb1b2056-53f1-4c82-a942-35c2dc72c8db}</UniqueIdentifier>
    </Filter>
    <Filter Include="core\components">
      <UniqueIdentifier>{a1459e41-ec00-4cd1-82e7-292386e1297e}</UniqueIdentifier>
    </Filter>
    <Filter Include="core\components\render">
      <UniqueIdentifier>{db256181-13c9-47f1-bcab-f136d1086e65}</UniqueIdentifier>
    </Filter>
    <Filter Include="core\components\render\GL">
      <UniqueIdentifier>{1459b5cf-c21f-4529-85c0-df93a881bdd6}</UniqueIdentifier>
    </Filter>
    <Filter Include="game\components">
      <UniqueIdentifier>{a39607e5-3fe9-44df-8354-54083146740c}</UniqueIdentifier>
    </Filter>
    <Filter Include="game\systems">
      <UniqueIdentifier>{4ca4965c-2ec5-4809-b17d-92619d00e3b4}</UniqueIdentifier>
    </Filter>
    <Filter Include="game\components\display">
      <UniqueIdentifier>{fd045d50-4b1a-4212-84d9-54ddab55d891}</UniqueIdentifier>
    </Filter>
    <Filter Include="game\components\camera">
      <UniqueIdentifier>{b361777e-6ea5-4e54-bbed-361e8b8aa942}</UniqueIdentifier>
    </Filter>
    <Filter Include="game\systems\display">
      <UniqueIdentifier>{499ab71f-ba30-4630-9b67-be97f65f2c5d}</UniqueIdentifier>
    </Filter>
    <Filter Include="game\systems\render">
      <UniqueIdentifier>{f1adf3cd-4775-482d-8ee3-70a61d0ec2ef}</UniqueIdentifier>
    </Filter>
    <Filter Include="game\systems\camera">
      <UniqueIdentifier>{b3832c47-4678-4fb9-82db-4519b6c616ad}</UniqueIdentifier>
    </Filter>
    <Filter Include="game\components\input">
      <UniqueIdentifier>{94aaa8f7-e74d-4890-9d24-42f7a51f7ea1}</UniqueIdentifier>
    </Filter>
    <Filter Include="game\components\render">
      <UniqueIdentifier>{6179321e-2e8f-4cfe-8aa2-11dc232261e6}</UniqueIdentifier>
    </Filter>
    <Filter Include="game\systems\resources">
      <UniqueIdentifier>{17c79e29-6be5-4f52-a3ee-8616b0b733a2}</UniqueIdentifier>
    </Filter>
    <Filter Include="game\utils">
      <UniqueIdentifier>{bf37b09f-32e7-42dd-a01d-0e3e51aedf9e}</UniqueIdentifier>
    </Filter>
    <Filter Include="res">
      <UniqueIdentifier>{1e621242-58fa-4cca-b6e9-17aeb676e37b}</UniqueIdentifier>
    </Filter>
    <Filter Include="res\textures">
      <UniqueIdentifier>{9b9cd587-429d-4912-b448-ca4216ef75e1}</UniqueIdentifier>
    </Filter>
    <Filter Include="res\shaders">
      <UniqueIdentifier>{ead8c0ad-abfa-4cb9-82c6-a0a749b3e5e3}</UniqueIdentifier>
    </Filter>
    <Filter Include="game\components\terrain">
      <UniqueIdentifier>{ce46708e-d4f0-47c1-a00a-fc7727c8d650}</UniqueIdentifier>
    </Filter>
    <Filter Include="game\systems\terrain">
      <UniqueIdentifier>{8ae5224e-6dc9-425c-8738-a07b0192e8a4}</UniqueIdentifier>
    </Filter>
    <Filter Include="game\factory">
      <UniqueIdentifier>{686b03d4-4408-40a6-8254-2ad03fc6ddff}</UniqueIdentifier>
    </Filter>
    <Filter Include="game\systems\utils">
      <UniqueIdentifier>{46fd77cb-3ca2-4c20-90f9-7a5b657e5283}</UniqueIdentifier>
    </Filter>
    <Filter Include="game\components\physics">
      <UniqueIdentifier>{bb6b5a85-b6c3-4714-8321-3a8e97cc0ae6}</UniqueIdentifier>
    </Filter>
    <Filter Include="game\math">
      <UniqueIdentifier>{8b4dec99-4372-4629-9c6c-1e9d7f0a799b}</UniqueIdentifier>
    </Filter>
    <Filter Include="game\components\events">
      <UniqueIdentifier>{64c8738a-3725-44d2-a1cb-029b970c6332}</UniqueIdentifier>
    </Filter>
    <Filter Include="third_party">
      <UniqueIdentifier>{3dde4e4c-8840-484f-bc02-1a3544ad5a77}</UniqueIdentifier>
    </Filter>
    <Filter Include="third_party\FastNoise">
      <UniqueIdentifier>{ca649821-ec60-4a18-b9a2-2fe4253cbbcc}</UniqueIdentifier>
    </Filter>
    <Filter Include="res\icons">
      <UniqueIdentifier>{84d51ee2-589d-4d4b-8a28-7eec11595b38}</UniqueIdentifier>
    </Filter>
    <Filter Include="game\components\lightning">
      <UniqueIdentifier>{6a8f6766-28c0-49ad-8985-571e47ca2f54}</UniqueIdentifier>
    </Filter>
    <Filter Include="game\systems\lightning">
      <UniqueIdentifier>{1f05c437-57d9-4105-86be-ea80930487b8}</UniqueIdentifier>
    </Filter>
    <Filter Include="game\systems\ui">
      <UniqueIdentifier>{0a0ce43d-02d6-4121-873e-049a1e9b667f}</UniqueIdentifier>
    </Filter>
    <Filter Include="game\components\ui">
      <UniqueIdentifier>{86d6abec-f35c-4afb-b9f7-a1c262af709f}</UniqueIdentifier>
    </Filter>
    <Filter Include="game\components\ui\ultralight">
      <UniqueIdentifier>{e7fa419b-335f-40c6-8c00-d15ac80cf535}</UniqueIdentifier>
    </Filter>
    <Filter Include="third_party\UltraLight">
      <UniqueIdentifier>{331499cb-a257-4ef4-8dc7-3697e7da4198}</UniqueIdentifier>
    </Filter>
    <Filter Include="third_party\UltraLight\bin">
      <UniqueIdentifier>{e9925b3c-02de-453c-9c85-b768e7a11576}</UniqueIdentifier>
    </Filter>
    <Filter Include="third_party\UltraLight\lib">
      <UniqueIdentifier>{acb780e5-b085-4dcf-8298-027f3d0d5f39}</UniqueIdentifier>
    </Filter>
    <Filter Include="game\systems\ui\noesisgui">
      <UniqueIdentifier>{306725b9-7eaa-4865-b4ac-9bf8cf61ae73}</UniqueIdentifier>
    </Filter>
    <Filter Include="res\ui">
      <UniqueIdentifier>{443f13b0-ea0f-427e-9434-947fef408840}</UniqueIdentifier>
    </Filter>
    <Filter Include="res\fonts">
      <UniqueIdentifier>{6532f4df-9bc8-4665-bfaa-9d1d636ba46f}</UniqueIdentifier>
    </Filter>
    <Filter Include="res\ui\tiles">
      <UniqueIdentifier>{cf16bde6-90b7-4b14-b750-1355d86dd710}</UniqueIdentifier>
    </Filter>
    <Filter Include="game\systems\ui\noesisgui\gui">
      <UniqueIdentifier>{f0793be7-7f41-4fc8-a110-3d77ca12f681}</UniqueIdentifier>
    </Filter>
    <Filter Include="game\systems\ui\noesisgui\gui\hud">
      <UniqueIdentifier>{1faefdb4-3145-4f93-aad1-34ff54b8f499}</UniqueIdentifier>
    </Filter>
    <Filter Include="game\components\content">
      <UniqueIdentifier>{8ce98cc7-cf73-4ac9-9952-136d11336c95}</UniqueIdentifier>
    </Filter>
    <Filter Include="game\components\content\inventory">
      <UniqueIdentifier>{82aa1639-9f31-4140-8bf4-7512bfe48870}</UniqueIdentifier>
    </Filter>
    <Filter Include="game\systems\physics">
      <UniqueIdentifier>{87f89e2d-34e0-4884-86ec-5b3aacc2e169}</UniqueIdentifier>
    </Filter>
    <Filter Include="game\components\requests">
      <UniqueIdentifier>{5312d06b-6b79-4dbe-95d2-724c9816919d}</UniqueIdentifier>
    </Filter>
    <Filter Include="game\systems\content">
      <UniqueIdentifier>{d27f36bb-205f-4b92-94a6-f51acbead3e6}</UniqueIdentifier>
    </Filter>
    <Filter Include="game\systems\requests">
      <UniqueIdentifier>{12003101-ec05-4c67-9263-bef5a6d3b8c7}</UniqueIdentifier>
    </Filter>
    <Filter Include="game\components\tags">
      <UniqueIdentifier>{a54457bd-1eeb-430a-ab22-88204164e5cb}</UniqueIdentifier>
    </Filter>
  </ItemGroup>
  <ItemGroup>
    <ClInclude Include="core\entity\Entity.h">
      <Filter>core\entity</Filter>
    </ClInclude>
    <ClInclude Include="core\entity\Registry.h">
      <Filter>core\entity</Filter>
    </ClInclude>
    <ClInclude Include="core\entity\System.h">
      <Filter>core\entity</Filter>
    </ClInclude>
    <ClInclude Include="core\components\render\GL\GLMeshComponent.h">
      <Filter>core\components\render\GL</Filter>
    </ClInclude>
    <ClInclude Include="core\components\TransformComponent.h">
      <Filter>core\components</Filter>
    </ClInclude>
    <ClInclude Include="core\components\PositionComponent.h">
      <Filter>core\components</Filter>
    </ClInclude>
    <ClInclude Include="game\World.h">
      <Filter>game</Filter>
    </ClInclude>
    <ClInclude Include="core\entity\Component.h">
      <Filter>core\entity</Filter>
    </ClInclude>
    <ClInclude Include="game\components\camera\CameraBundle.h">
      <Filter>game\components\camera</Filter>
    </ClInclude>
    <ClInclude Include="game\components\camera\PerspectiveCameraComponent.h">
      <Filter>game\components\camera</Filter>
    </ClInclude>
    <ClInclude Include="game\components\display\DisplayComponent.h">
      <Filter>game\components\display</Filter>
    </ClInclude>
    <ClInclude Include="game\components\display\GLFWWindowComponent.h">
      <Filter>game\components\display</Filter>
    </ClInclude>
    <ClInclude Include="game\systems\display\GLFWWindowSystem.h">
      <Filter>game\systems\display</Filter>
    </ClInclude>
    <ClInclude Include="game\systems\render\GLRenderSystem.h">
      <Filter>game\systems\render</Filter>
    </ClInclude>
    <ClInclude Include="game\systems\camera\CameraSystem.h">
      <Filter>game\systems\camera</Filter>
    </ClInclude>
    <ClInclude Include="game\components\input\KeyboardState.h">
      <Filter>game\components\input</Filter>
    </ClInclude>
    <ClInclude Include="game\components\input\MouseMovementData.h">
      <Filter>game\components\input</Filter>
    </ClInclude>
    <ClInclude Include="game\components\input\MouseWheelData.h">
      <Filter>game\components\input</Filter>
    </ClInclude>
    <ClInclude Include="game\components\render\GLMeshComponent.h">
      <Filter>game\components\render</Filter>
    </ClInclude>
    <ClInclude Include="game\systems\render\GLMeshSystem.h">
      <Filter>game\systems\render</Filter>
    </ClInclude>
    <ClInclude Include="game\components\render\GLUnbakedMeshComponent.h">
      <Filter>game\components\render</Filter>
    </ClInclude>
    <ClInclude Include="game\components\render\GLShaderComponent.h">
      <Filter>game\components\render</Filter>
    </ClInclude>
    <ClInclude Include="game\resources\ShaderLibrary.h">
      <Filter>game\systems\resources</Filter>
    </ClInclude>
    <ClInclude Include="game\resources\TextureLibrary.h">
      <Filter>game\systems\resources</Filter>
    </ClInclude>
    <ClInclude Include="game\utils\FileUtils.h">
      <Filter>game\utils</Filter>
    </ClInclude>
    <ClInclude Include="game\components\render\GLTextureComponent.h">
      <Filter>game\components\render</Filter>
    </ClInclude>
    <ClInclude Include="core\entity\FrameListenerSystem.h">
      <Filter>core\entity</Filter>
    </ClInclude>
    <ClInclude Include="game\components\camera\GlobalTransformComponent.h">
      <Filter>game\components\camera</Filter>
    </ClInclude>
    <ClInclude Include="game\components\camera\PerspectiveCameraBundle.h">
      <Filter>game\components\camera</Filter>
    </ClInclude>
    <ClInclude Include="game\components\camera\CameraBasisComponent.h">
      <Filter>game\components\camera</Filter>
    </ClInclude>
    <ClInclude Include="game\components\terrain\TerrainComponent.h">
      <Filter>game\components\terrain</Filter>
    </ClInclude>
    <ClInclude Include="game\components\terrain\ChunkComponent.h">
      <Filter>game\components\terrain</Filter>
    </ClInclude>
    <ClInclude Include="game\components\terrain\BlockComponent.h">
      <Filter>game\components\terrain</Filter>
    </ClInclude>
    <ClInclude Include="game\systems\terrain\ChunkSpawnerSystem.h">
      <Filter>game\systems\terrain</Filter>
    </ClInclude>
    <ClInclude Include="game\systems\terrain\ChunkDespawnerSystem.h">
      <Filter>game\systems\terrain</Filter>
    </ClInclude>
    <ClInclude Include="game\systems\terrain\ChunkMeshSystem.h">
      <Filter>game\systems\terrain</Filter>
    </ClInclude>
    <ClInclude Include="game\utils\NumericUtils.h">
      <Filter>game\utils</Filter>
    </ClInclude>
    <ClInclude Include="game\factory\BlockFactory.h">
      <Filter>game\factory</Filter>
    </ClInclude>
    <ClInclude Include="game\components\terrain\VisibleBlockFacesComponent.h">
      <Filter>game\components\terrain</Filter>
    </ClInclude>
    <ClInclude Include="game\systems\utils\FPSCounterSystem.h">
      <Filter>game\systems\utils</Filter>
    </ClInclude>
    <ClInclude Include="game\components\physics\AABBVolumeComponent.h">
      <Filter>game\components\physics</Filter>
    </ClInclude>
    <ClInclude Include="game\components\physics\BoundingVolume.h">
      <Filter>game\components\physics</Filter>
    </ClInclude>
    <ClInclude Include="game\math\Frustum.h">
      <Filter>game\math</Filter>
    </ClInclude>
    <ClInclude Include="game\components\events\CameraChangedEvent.h">
      <Filter>game\components\events</Filter>
    </ClInclude>
    <ClInclude Include="game\systems\terrain\NoiseTerrainGenerator.h">
      <Filter>game\systems\terrain</Filter>
    </ClInclude>
    <ClInclude Include="third_party\FastNoise\FastNoiseLite.h">
      <Filter>third_party\FastNoise</Filter>
    </ClInclude>
    <ClInclude Include="game\components\lightning\DirectedLightComponent.h">
      <Filter>game\components\lightning</Filter>
    </ClInclude>
    <ClInclude Include="game\components\lightning\LightComponent.h">
      <Filter>game\components\lightning</Filter>
    </ClInclude>
    <ClInclude Include="game\components\lightning\PointLightComponent.h">
      <Filter>game\components\lightning</Filter>
    </ClInclude>
    <ClInclude Include="game\components\lightning\DirectedLightBundle.h">
      <Filter>game\components\lightning</Filter>
    </ClInclude>
    <ClInclude Include="game\systems\lightning\DirectedLightMovementSystem.h">
      <Filter>game\systems\lightning</Filter>
    </ClInclude>
    <ClInclude Include="game\systems\terrain\ChunkMeshCullSystem.h">
      <Filter>game\systems\terrain</Filter>
    </ClInclude>
    <ClInclude Include="game\utils\LRUCache.h">
      <Filter>game\utils</Filter>
    </ClInclude>
    <ClInclude Include="game\components\ui\ultralight\ViewComponent.h">
      <Filter>game\components\ui\ultralight</Filter>
    </ClInclude>
    <ClInclude Include="game\components\ui\ultralight\RendererComponent.h">
      <Filter>game\components\ui\ultralight</Filter>
    </ClInclude>
    <ClInclude Include="game\systems\terrain\FlatTerrainGenerator.h">
      <Filter>game\systems\terrain</Filter>
    </ClInclude>
    <ClInclude Include="game\systems\ui\NoesisUISystem.h">
      <Filter>game\systems\ui\noesisgui</Filter>
    </ClInclude>
    <ClInclude Include="game\systems\ui\gui\NoesisUIHUDSystem.h">
      <Filter>game\systems\ui\noesisgui\gui\hud</Filter>
    </ClInclude>
    <ClInclude Include="game\systems\ui\gui\HUDItemsPanelItem.h">
      <Filter>game\systems\ui\noesisgui\gui\hud</Filter>
    </ClInclude>
    <ClInclude Include="game\systems\ui\gui\HUDDataModel.h">
      <Filter>game\systems\ui\noesisgui\gui\hud</Filter>
    </ClInclude>
    <ClInclude Include="game\components\content\inventory\InventoryComponent.h">
      <Filter>game\components\content\inventory</Filter>
    </ClInclude>
    <ClInclude Include="game\components\content\inventory\ItemComponent.h">
      <Filter>game\components\content\inventory</Filter>
    </ClInclude>
    <ClInclude Include="game\components\content\inventory\BlockItemBundle.h">
      <Filter>game\components\content\inventory</Filter>
    </ClInclude>
    <ClInclude Include="game\systems\physics\PhysicsSystem.h">
      <Filter>game\systems\physics</Filter>
    </ClInclude>
    <ClInclude Include="core\entity\Request.h">
      <Filter>core\entity</Filter>
    </ClInclude>
    <ClInclude Include="game\components\requests\RaycastRequest.h">
      <Filter>game\components\requests</Filter>
    </ClInclude>
    <ClInclude Include="game\systems\content\TargetBlockHighlightSystem.h">
      <Filter>game\systems\content</Filter>
    </ClInclude>
    <ClInclude Include="game\systems\content\TargetControllerSystem.h">
      <Filter>game\systems\content</Filter>
    </ClInclude>
    <ClInclude Include="game\components\content\CameraTargetComponent.h">
      <Filter>game\components\content</Filter>
    </ClInclude>
    <ClInclude Include="game\systems\content\PlayerTargetActionSystem.h">
      <Filter>game\systems\content</Filter>
    </ClInclude>
    <ClInclude Include="game\components\input\MouseClickData.h">
      <Filter>game\components\input</Filter>
    </ClInclude>
    <ClInclude Include="game\components\requests\PlayerHitRequest.h">
      <Filter>game\components\requests</Filter>
    </ClInclude>
    <ClInclude Include="game\systems\terrain\ChunkBlocksControllerSystem.h">
      <Filter>game\systems\terrain</Filter>
    </ClInclude>
    <ClInclude Include="game\components\requests\ItemUseRequest.h">
      <Filter>game\components\requests</Filter>
    </ClInclude>
    <ClInclude Include="game\systems\content\BlockItemUseSystem.h">
      <Filter>game\systems\content</Filter>
    </ClInclude>
    <ClInclude Include="game\systems\content\InventorySystem.h">
      <Filter>game\systems\content</Filter>
    </ClInclude>
    <ClInclude Include="game\utils\MathUtils.h">
      <Filter>game\utils</Filter>
    </ClInclude>
    <ClInclude Include="game\components\requests\BlockCreateRequest.h">
      <Filter>game\components\requests</Filter>
    </ClInclude>
    <ClInclude Include="game\systems\requests\RequestsSystem.h">
      <Filter>game\systems\requests</Filter>
    </ClInclude>
    <ClInclude Include="game\systems\render\GLRenderUniformObjectsSystem.h">
      <Filter>game\systems\render</Filter>
    </ClInclude>
    <ClInclude Include="game\components\render\GLRenderPassData.h">
      <Filter>game\components\render</Filter>
    </ClInclude>
    <ClInclude Include="game\systems\render\GLRenderSolidPassSystem.h">
      <Filter>game\systems\render</Filter>
    </ClInclude>
    <ClInclude Include="game\systems\render\GLRenderTransparentPassSystem.h">
      <Filter>game\systems\render</Filter>
    </ClInclude>
    <ClInclude Include="game\systems\render\GLRenderDepthPassSystem.h">
      <Filter>game\systems\render</Filter>
    </ClInclude>
    <ClInclude Include="game\systems\render\GLRenderScreenPassSystem.h">
      <Filter>game\systems\render</Filter>
    </ClInclude>
    <ClInclude Include="game\utils\GLRenderUtils.h">
      <Filter>game\utils</Filter>
    </ClInclude>
    <ClInclude Include="game\systems\lightning\DirectedLightMeshSystem.h">
      <Filter>game\systems\lightning</Filter>
    </ClInclude>
    <ClInclude Include="game\components\tags\InvisibleMeshTag.h">
      <Filter>game\components\tags</Filter>
    </ClInclude>
  </ItemGroup>
  <ItemGroup>
    <ClCompile Include="game\Main.cpp">
      <Filter>game</Filter>
    </ClCompile>
    <ClCompile Include="game\World.cpp">
      <Filter>game</Filter>
    </ClCompile>
    <ClCompile Include="game\systems\display\GLFWWindowSystem.cpp">
      <Filter>game\systems\display</Filter>
    </ClCompile>
    <ClCompile Include="game\systems\render\GLRenderSystem.cpp">
      <Filter>game\systems\render</Filter>
    </ClCompile>
    <ClCompile Include="game\systems\camera\CameraSystem.cpp">
      <Filter>game\systems\camera</Filter>
    </ClCompile>
    <ClCompile Include="game\systems\render\GLMeshSystem.cpp">
      <Filter>game\systems\render</Filter>
    </ClCompile>
    <ClCompile Include="game\resources\ShaderLibrary.cpp">
      <Filter>game\systems\resources</Filter>
    </ClCompile>
    <ClCompile Include="game\resources\TextureLibrary.cpp">
      <Filter>game\systems\resources</Filter>
    </ClCompile>
    <ClCompile Include="game\utils\FileUtils.cpp">
      <Filter>game\utils</Filter>
    </ClCompile>
    <ClCompile Include="game\systems\terrain\ChunkSpawnerSystem.cpp">
      <Filter>game\systems\terrain</Filter>
    </ClCompile>
    <ClCompile Include="game\systems\terrain\ChunkDespawnerSystem.cpp">
      <Filter>game\systems\terrain</Filter>
    </ClCompile>
    <ClCompile Include="game\systems\terrain\ChunkMeshSystem.cpp">
      <Filter>game\systems\terrain</Filter>
    </ClCompile>
    <ClCompile Include="game\factory\BlockFactory.cpp">
      <Filter>game\factory</Filter>
    </ClCompile>
    <ClCompile Include="game\systems\utils\FPSCounterSystem.cpp">
      <Filter>game\systems\utils</Filter>
    </ClCompile>
    <ClCompile Include="game\math\Frustum.cpp">
      <Filter>game\math</Filter>
    </ClCompile>
    <ClCompile Include="game\systems\terrain\NoiseTerrainGenerator.cpp">
      <Filter>game\systems\terrain</Filter>
    </ClCompile>
    <ClCompile Include="game\systems\lightning\DirectedLightMovementSystem.cpp">
      <Filter>game\systems\lightning</Filter>
    </ClCompile>
    <ClCompile Include="game\systems\terrain\ChunkMeshCullSystem.cpp">
      <Filter>game\systems\terrain</Filter>
    </ClCompile>
    <ClCompile Include="game\utils\NumericUtils.cpp">
      <Filter>game\utils</Filter>
    </ClCompile>
    <ClCompile Include="game\systems\terrain\FlatTerrainGenerator.cpp">
      <Filter>game\systems\terrain</Filter>
    </ClCompile>
    <ClCompile Include="game\systems\ui\NoesisUISystem.cpp">
      <Filter>game\systems\ui\noesisgui</Filter>
    </ClCompile>
    <ClCompile Include="game\systems\ui\gui\NoesisUIHUDSystem.cpp">
      <Filter>game\systems\ui\noesisgui\gui\hud</Filter>
    </ClCompile>
    <ClCompile Include="game\systems\ui\gui\HUDItemsPanelItem.cpp">
      <Filter>game\systems\ui\noesisgui\gui\hud</Filter>
    </ClCompile>
    <ClCompile Include="game\systems\ui\gui\HUDDataModel.cpp">
      <Filter>game\systems\ui\noesisgui\gui\hud</Filter>
    </ClCompile>
    <ClCompile Include="game\systems\physics\PhysicsSystem.cpp">
      <Filter>game\systems\physics</Filter>
    </ClCompile>
    <ClCompile Include="game\systems\content\TargetBlockHighlightSystem.cpp">
      <Filter>game\systems\content</Filter>
    </ClCompile>
    <ClCompile Include="game\systems\content\TargetControllerSystem.cpp">
      <Filter>game\systems\content</Filter>
    </ClCompile>
    <ClCompile Include="game\systems\content\PlayerTargetActionSystem.cpp">
      <Filter>game\systems\content</Filter>
    </ClCompile>
    <ClCompile Include="game\systems\terrain\ChunkBlocksControllerSystem.cpp">
      <Filter>game\systems\terrain</Filter>
    </ClCompile>
    <ClCompile Include="game\systems\content\BlockItemUseSystem.cpp">
      <Filter>game\systems\content</Filter>
    </ClCompile>
    <ClCompile Include="game\systems\content\InventorySystem.cpp">
      <Filter>game\systems\content</Filter>
    </ClCompile>
    <ClCompile Include="game\utils\MathUtils.cpp">
      <Filter>game\utils</Filter>
    </ClCompile>
    <ClCompile Include="game\systems\requests\RequestsSystem.cpp">
      <Filter>game\systems\requests</Filter>
    </ClCompile>
    <ClCompile Include="game\systems\render\GLRenderUniformObjectsSystem.cpp">
      <Filter>game\systems\render</Filter>
    </ClCompile>
    <ClCompile Include="game\systems\render\GLRenderSolidPassSystem.cpp">
      <Filter>game\systems\render</Filter>
    </ClCompile>
    <ClCompile Include="game\systems\render\GLRenderTransparentPassSystem.cpp">
      <Filter>game\systems\render</Filter>
    </ClCompile>
    <ClCompile Include="game\systems\render\GLRenderDepthPassSystem.cpp">
      <Filter>game\systems\render</Filter>
    </ClCompile>
    <ClCompile Include="game\systems\render\GLRenderScreenPassSystem.cpp">
      <Filter>game\systems\render</Filter>
    </ClCompile>
    <ClCompile Include="game\systems\lightning\DirectedLightMeshSystem.cpp">
      <Filter>game\systems\lightning</Filter>
    </ClCompile>
  </ItemGroup>
  <ItemGroup>
    <None Include="res\shaders\blocks_shader.frag">
      <Filter>res\shaders</Filter>
    </None>
    <None Include="res\shaders\blocks_shader.vert">
      <Filter>res\shaders</Filter>
    </None>
    <None Include="third_party\FastNoise\LICENSE">
      <Filter>third_party\FastNoise</Filter>
    </None>
    <None Include="res\shaders\transparent_blocks_shader.frag">
      <Filter>res\shaders</Filter>
    </None>
    <None Include="res\shaders\transparent_blocks_shader.vert">
      <Filter>res\shaders</Filter>
    </None>
    <None Include="res\shaders\composite_shader.frag">
      <Filter>res\shaders</Filter>
    </None>
    <None Include="res\shaders\composite_shader.vert">
      <Filter>res\shaders</Filter>
    </None>
    <None Include="res\shaders\screen_shader.frag">
      <Filter>res\shaders</Filter>
    </None>
    <None Include="res\shaders\screen_shader.vert">
      <Filter>res\shaders</Filter>
    </None>
    <None Include="res\shaders\depth_shader.frag">
      <Filter>res\shaders</Filter>
    </None>
    <None Include="res\shaders\depth_shader.vert">
      <Filter>res\shaders</Filter>
    </None>
    <None Include="res\shaders\debug_depth_shader.frag">
      <Filter>res\shaders</Filter>
    </None>
    <None Include="res\shaders\debug_depth_shader.vert">
      <Filter>res\shaders</Filter>
    </None>
    <None Include="res\shaders\blocks_outline_shader.frag">
      <Filter>res\shaders</Filter>
    </None>
    <None Include="res\shaders\blocks_outline_shader.vert">
      <Filter>res\shaders</Filter>
    </None>
    <None Include="res\shaders\directed_light_shader.vert">
      <Filter>res\shaders</Filter>
    </None>
    <None Include="res\shaders\directed_light_shader.frag">
      <Filter>res\shaders</Filter>
    </None>
  </ItemGroup>
  <ItemGroup>
    <Image Include="res\textures\blocks_atlas.png">
      <Filter>res\textures</Filter>
    </Image>
    <Image Include="res\icons\logo.png">
      <Filter>res\icons</Filter>
    </Image>
  </ItemGroup>
  <ItemGroup>
    <CopyFileToFolders Include="third_party\NoesisGUI\**\windows_x86_64\*.dll" />
    <CopyFileToFolders Include="third_party\NoesisGUI\**\windows_x86_64\*.lib" />
    <CopyFileToFolders Include="third_party\NoesisGUI\**\windows_x86_64\*.dll" />
    <CopyFileToFolders Include="third_party\NoesisGUI\**\windows_x86_64\*.lib" />
    <CopyFileToFolders Include="third_party\NoesisGUI\**\windows_x86_64\*.dll" />
    <CopyFileToFolders Include="third_party\NoesisGUI\**\windows_x86_64\*.lib" />
    <CopyFileToFolders Include="third_party\NoesisGUI\**\windows_x86_64\*.dll" />
    <CopyFileToFolders Include="third_party\NoesisGUI\**\windows_x86_64\*.lib" />
    <CopyFileToFolders Include="third_party\NoesisGUI\**\windows_x86_64\*.dll" />
    <CopyFileToFolders Include="third_party\NoesisGUI\**\windows_x86_64\*.lib" />
    <CopyFileToFolders Include="third_party\NoesisGUI\**\windows_x86_64\*.dll" />
    <CopyFileToFolders Include="third_party\NoesisGUI\**\windows_x86_64\*.lib" />
    <CopyFileToFolders Include="third_party\NoesisGUI\**\windows_x86_64\*.dll" />
    <CopyFileToFolders Include="third_party\NoesisGUI\**\windows_x86_64\*.lib" />
    <CopyFileToFolders Include="third_party\NoesisGUI\**\windows_x86_64\*.dll" />
    <CopyFileToFolders Include="third_party\NoesisGUI\**\windows_x86_64\*.lib" />
    <CopyFileToFolders Include="third_party\NoesisGUI\**\windows_x86_64\*.dll" />
    <CopyFileToFolders Include="third_party\NoesisGUI\**\windows_x86_64\*.lib" />
  </ItemGroup>
  <ItemGroup>
    <Font Include="res\fonts\minecraftia.ttf">
      <Filter>res\fonts</Filter>
    </Font>
  </ItemGroup>
  <ItemGroup>
    <Text Include="res\fonts\readme.txt">
      <Filter>res\fonts</Filter>
    </Text>
  </ItemGroup>
  <ItemGroup>
    <Page Include="res\ui\HUD.xaml">
      <Filter>res\ui</Filter>
    </Page>
    <Page Include="res\ui\Resources.xaml">
      <Filter>res\ui</Filter>
    </Page>
    <Page Include="res\ui\HUDResources.xaml">
      <Filter>res\ui</Filter>
    </Page>
  </ItemGroup>
</Project>